
Microsoft Visual Studio Solution File, Format Version 12.00
# Visual Studio Version 17
VisualStudioVersion = 17.10.35013.160
MinimumVisualStudioVersion = 10.0.40219.1
Project("{FAE04EC0-301F-11D3-BF4B-00C04F79EFBC}") = "Wcs.PlcService", "Wcs.PlcService\Wcs.PlcService.csproj", "{1A6F34E2-0AC7-4E4B-945F-22B24CBA6BA2}"
EndProject
Global
	GlobalSection(SolutionConfigurationPlatforms) = preSolution
		Debug|Any CPU = Debug|Any CPU
		Release|Any CPU = Release|Any CPU
	EndGlobalSection
	GlobalSection(ProjectConfigurationPlatforms) = postSolution
		{1A6F34E2-0AC7-4E4B-945F-22B24CBA6BA2}.Debug|Any CPU.ActiveCfg = Debug|Any CPU
		{1A6F34E2-0AC7-4E4B-945F-22B24CBA6BA2}.Debug|Any CPU.Build.0 = Debug|Any CPU
		{1A6F34E2-0AC7-4E4B-945F-22B24CBA6BA2}.Release|Any CPU.ActiveCfg = Release|Any CPU
		{1A6F34E2-0AC7-4E4B-945F-22B24CBA6BA2}.Release|Any CPU.Build.0 = Release|Any CPU
	EndGlobalSection
	GlobalSection(SolutionProperties) = preSolution
		HideSolutionNode = FALSE
	EndGlobalSection
	GlobalSection(ExtensibilityGlobals) = postSolution
		SolutionGuid = {EF92DC1A-EB07-45A1-9A29-0925E6277EE9}
	EndGlobalSection
EndGlobal
